// !$*UTF8*$!
{
	archiveVersion = 1;
	classes = {
	};
	objectVersion = 50;
	objects = {

/* Begin PBXBuildFile section */
		844DB38024D7B5C8002EE0DA /* AppDelegate.swift in Sources */ = {isa = PBXBuildFile; fileRef = 844DB37F24D7B5C8002EE0DA /* AppDelegate.swift */; };
		844DB38224D7B5C8002EE0DA /* SceneDelegate.swift in Sources */ = {isa = PBXBuildFile; fileRef = 844DB38124D7B5C8002EE0DA /* SceneDelegate.swift */; };
		844DB38424D7B5C8002EE0DA /* ViewController.swift in Sources */ = {isa = PBXBuildFile; fileRef = 844DB38324D7B5C8002EE0DA /* ViewController.swift */; };
		844DB38724D7B5C8002EE0DA /* Main.storyboard in Resources */ = {isa = PBXBuildFile; fileRef = 844DB38524D7B5C8002EE0DA /* Main.storyboard */; };
		844DB38924D7B5CB002EE0DA /* Assets.xcassets in Resources */ = {isa = PBXBuildFile; fileRef = 844DB38824D7B5CB002EE0DA /* Assets.xcassets */; };
		844DB38C24D7B5CB002EE0DA /* LaunchScreen.storyboard in Resources */ = {isa = PBXBuildFile; fileRef = 844DB38A24D7B5CB002EE0DA /* LaunchScreen.storyboard */; };
		844DB39424D7F099002EE0DA /* DataResultCollectionViewCell.swift in Sources */ = {isa = PBXBuildFile; fileRef = 844DB39324D7F099002EE0DA /* DataResultCollectionViewCell.swift */; };
		844DB39624D7F68A002EE0DA /* DataResultCollectionViewController.swift in Sources */ = {isa = PBXBuildFile; fileRef = 844DB39524D7F68A002EE0DA /* DataResultCollectionViewController.swift */; };
		844DB39924D7F87D002EE0DA /* SeachApi.swift in Sources */ = {isa = PBXBuildFile; fileRef = 844DB39824D7F87D002EE0DA /* SeachApi.swift */; };
		844DB39B24D7F8DA002EE0DA /* Photo.swift in Sources */ = {isa = PBXBuildFile; fileRef = 844DB39A24D7F8DA002EE0DA /* Photo.swift */; };
		844DB39F24D800BC002EE0DA /* NetworkUtility.swift in Sources */ = {isa = PBXBuildFile; fileRef = 844DB39E24D800BC002EE0DA /* NetworkUtility.swift */; };
		844DB3A224D961FD002EE0DA /* ColletCollectionViewCell.swift in Sources */ = {isa = PBXBuildFile; fileRef = 844DB3A124D961FD002EE0DA /* ColletCollectionViewCell.swift */; };
		844DB3A424D9627A002EE0DA /* ColletCollectionViewController.swift in Sources */ = {isa = PBXBuildFile; fileRef = 844DB3A324D9627A002EE0DA /* ColletCollectionViewController.swift */; };
		844DB3A624D96541002EE0DA /* ImageInfo.swift in Sources */ = {isa = PBXBuildFile; fileRef = 844DB3A524D96541002EE0DA /* ImageInfo.swift */; };
/* End PBXBuildFile section */

/* Begin PBXFileReference section */
		844DB37C24D7B5C8002EE0DA /* testProject.app */ = {isa = PBXFileReference; explicitFileType = wrapper.application; includeInIndex = 0; path = testProject.app; sourceTree = BUILT_PRODUCTS_DIR; };
		844DB37F24D7B5C8002EE0DA /* AppDelegate.swift */ = {isa = PBXFileReference; lastKnownFileType = sourcecode.swift; path = AppDelegate.swift; sourceTree = "<group>"; };
		844DB38124D7B5C8002EE0DA /* SceneDelegate.swift */ = {isa = PBXFileReference; lastKnownFileType = sourcecode.swift; path = SceneDelegate.swift; sourceTree = "<group>"; };
		844DB38324D7B5C8002EE0DA /* ViewController.swift */ = {isa = PBXFileReference; lastKnownFileType = sourcecode.swift; path = ViewController.swift; sourceTree = "<group>"; };
		844DB38624D7B5C8002EE0DA /* Base */ = {isa = PBXFileReference; lastKnownFileType = file.storyboard; name = Base; path = Base.lproj/Main.storyboard; sourceTree = "<group>"; };
		844DB38824D7B5CB002EE0DA /* Assets.xcassets */ = {isa = PBXFileReference; lastKnownFileType = folder.assetcatalog; path = Assets.xcassets; sourceTree = "<group>"; };
		844DB38B24D7B5CB002EE0DA /* Base */ = {isa = PBXFileReference; lastKnownFileType = file.storyboard; name = Base; path = Base.lproj/LaunchScreen.storyboard; sourceTree = "<group>"; };
		844DB38D24D7B5CB002EE0DA /* Info.plist */ = {isa = PBXFileReference; lastKnownFileType = text.plist.xml; path = Info.plist; sourceTree = "<group>"; };
		844DB39324D7F099002EE0DA /* DataResultCollectionViewCell.swift */ = {isa = PBXFileReference; lastKnownFileType = sourcecode.swift; path = DataResultCollectionViewCell.swift; sourceTree = "<group>"; };
		844DB39524D7F68A002EE0DA /* DataResultCollectionViewController.swift */ = {isa = PBXFileReference; lastKnownFileType = sourcecode.swift; path = DataResultCollectionViewController.swift; sourceTree = "<group>"; };
		844DB39824D7F87D002EE0DA /* SeachApi.swift */ = {isa = PBXFileReference; lastKnownFileType = sourcecode.swift; path = SeachApi.swift; sourceTree = "<group>"; };
		844DB39A24D7F8DA002EE0DA /* Photo.swift */ = {isa = PBXFileReference; lastKnownFileType = sourcecode.swift; path = Photo.swift; sourceTree = "<group>"; };
		844DB39E24D800BC002EE0DA /* NetworkUtility.swift */ = {isa = PBXFileReference; lastKnownFileType = sourcecode.swift; path = NetworkUtility.swift; sourceTree = "<group>"; };
		844DB3A124D961FD002EE0DA /* ColletCollectionViewCell.swift */ = {isa = PBXFileReference; lastKnownFileType = sourcecode.swift; path = ColletCollectionViewCell.swift; sourceTree = "<group>"; };
		844DB3A324D9627A002EE0DA /* ColletCollectionViewController.swift */ = {isa = PBXFileReference; lastKnownFileType = sourcecode.swift; path = ColletCollectionViewController.swift; sourceTree = "<group>"; };
		844DB3A524D96541002EE0DA /* ImageInfo.swift */ = {isa = PBXFileReference; lastKnownFileType = sourcecode.swift; path = ImageInfo.swift; sourceTree = "<group>"; };
/* End PBXFileReference section */

/* Begin PBXFrameworksBuildPhase section */
		844DB37924D7B5C8002EE0DA /* Frameworks */ = {
			isa = PBXFrameworksBuildPhase;
			buildActionMask = 2147483647;
			files = (
			);
			runOnlyForDeploymentPostprocessing = 0;
		};
/* End PBXFrameworksBuildPhase section */

/* Begin PBXGroup section */
		844DB37324D7B5C7002EE0DA = {
			isa = PBXGroup;
			children = (
				844DB37E24D7B5C8002EE0DA /* testProject */,
				844DB37D24D7B5C8002EE0DA /* Products */,
			);
			sourceTree = "<group>";
		};
		844DB37D24D7B5C8002EE0DA /* Products */ = {
			isa = PBXGroup;
			children = (
				844DB37C24D7B5C8002EE0DA /* testProject.app */,
			);
			name = Products;
			sourceTree = "<group>";
		};
		844DB37E24D7B5C8002EE0DA /* testProject */ = {
			isa = PBXGroup;
			children = (
				844DB37F24D7B5C8002EE0DA /* AppDelegate.swift */,
				844DB38124D7B5C8002EE0DA /* SceneDelegate.swift */,
				844DB39D24D7FAF2002EE0DA /* View */,
				844DB39C24D7FAE8002EE0DA /* ViewController */,
				844DB39724D7F85D002EE0DA /* Model */,
				844DB3A024D800FB002EE0DA /* OtherController */,
				844DB38824D7B5CB002EE0DA /* Assets.xcassets */,
				844DB38A24D7B5CB002EE0DA /* LaunchScreen.storyboard */,
				844DB38D24D7B5CB002EE0DA /* Info.plist */,
				844DB3A524D96541002EE0DA /* ImageInfo.swift */,
			);
			path = testProject;
			sourceTree = "<group>";
		};
		844DB39724D7F85D002EE0DA /* Model */ = {
			isa = PBXGroup;
			children = (
				844DB39824D7F87D002EE0DA /* SeachApi.swift */,
				844DB39A24D7F8DA002EE0DA /* Photo.swift */,
			);
			path = Model;
			sourceTree = "<group>";
		};
		844DB39C24D7FAE8002EE0DA /* ViewController */ = {
			isa = PBXGroup;
			children = (
				844DB39524D7F68A002EE0DA /* DataResultCollectionViewController.swift */,
				844DB39324D7F099002EE0DA /* DataResultCollectionViewCell.swift */,
				844DB38324D7B5C8002EE0DA /* ViewController.swift */,
				844DB3A124D961FD002EE0DA /* ColletCollectionViewCell.swift */,
				844DB3A324D9627A002EE0DA /* ColletCollectionViewController.swift */,
			);
			path = ViewController;
			sourceTree = "<group>";
		};
		844DB39D24D7FAF2002EE0DA /* View */ = {
			isa = PBXGroup;
			children = (
				844DB38524D7B5C8002EE0DA /* Main.storyboard */,
			);
			path = View;
			sourceTree = "<group>";
		};
		844DB3A024D800FB002EE0DA /* OtherController */ = {
			isa = PBXGroup;
			children = (
				844DB39E24D800BC002EE0DA /* NetworkUtility.swift */,
			);
			path = OtherController;
			sourceTree = "<group>";
		};
/* End PBXGroup section */

/* Begin PBXNativeTarget section */
		844DB37B24D7B5C8002EE0DA /* testProject */ = {
			isa = PBXNativeTarget;
			buildConfigurationList = 844DB39024D7B5CB002EE0DA /* Build configuration list for PBXNativeTarget "testProject" */;
			buildPhases = (
				844DB37824D7B5C8002EE0DA /* Sources */,
				844DB37924D7B5C8002EE0DA /* Frameworks */,
				844DB37A24D7B5C8002EE0DA /* Resources */,
			);
			buildRules = (
			);
			dependencies = (
			);
			name = testProject;
			productName = testProject;
			productReference = 844DB37C24D7B5C8002EE0DA /* testProject.app */;
			productType = "com.apple.product-type.application";
		};
/* End PBXNativeTarget section */

/* Begin PBXProject section */
		844DB37424D7B5C7002EE0DA /* Project object */ = {
			isa = PBXProject;
			attributes = {
				LastSwiftUpdateCheck = 1160;
				LastUpgradeCheck = 1160;
				ORGANIZATIONNAME = harrison;
				TargetAttributes = {
					844DB37B24D7B5C8002EE0DA = {
						CreatedOnToolsVersion = 11.6;
					};
				};
			};
			buildConfigurationList = 844DB37724D7B5C7002EE0DA /* Build configuration list for PBXProject "testProject" */;
			compatibilityVersion = "Xcode 9.3";
			developmentRegion = en;
			hasScannedForEncodings = 0;
			knownRegions = (
				en,
				Base,
			);
			mainGroup = 844DB37324D7B5C7002EE0DA;
			productRefGroup = 844DB37D24D7B5C8002EE0DA /* Products */;
			projectDirPath = "";
			projectRoot = "";
			targets = (
				844DB37B24D7B5C8002EE0DA /* testProject */,
			);
		};
/* End PBXProject section */

/* Begin PBXResourcesBuildPhase section */
		844DB37A24D7B5C8002EE0DA /* Resources */ = {
			isa = PBXResourcesBuildPhase;
			buildActionMask = 2147483647;
			files = (
				844DB38C24D7B5CB002EE0DA /* LaunchScreen.storyboard in Resources */,
				844DB38924D7B5CB002EE0DA /* Assets.xcassets in Resources */,
				844DB38724D7B5C8002EE0DA /* Main.storyboard in Resources */,
			);
			runOnlyForDeploymentPostprocessing = 0;
		};
/* End PBXResourcesBuildPhase section */

/* Begin PBXSourcesBuildPhase section */
		844DB37824D7B5C8002EE0DA /* Sources */ = {
			isa = PBXSourcesBuildPhase;
			buildActionMask = 2147483647;
			files = (
				844DB3A224D961FD002EE0DA /* ColletCollectionViewCell.swift in Sources */,
				844DB39B24D7F8DA002EE0DA /* Photo.swift in Sources */,
				844DB38424D7B5C8002EE0DA /* ViewController.swift in Sources */,
				844DB39924D7F87D002EE0DA /* SeachApi.swift in Sources */,
				844DB39424D7F099002EE0DA /* DataResultCollectionViewCell.swift in Sources */,
				844DB3A424D9627A002EE0DA /* ColletCollectionViewController.swift in Sources */,
				844DB3A624D96541002EE0DA /* ImageInfo.swift in Sources */,
				844DB38024D7B5C8002EE0DA /* AppDelegate.swift in Sources */,
				844DB39F24D800BC002EE0DA /* NetworkUtility.swift in Sources */,
				844DB39624D7F68A002EE0DA /* DataResultCollectionViewController.swift in Sources */,
				844DB38224D7B5C8002EE0DA /* SceneDelegate.swift in Sources */,
			);
			runOnlyForDeploymentPostprocessing = 0;
		};
/* End PBXSourcesBuildPhase section */

/* Begin PBXVariantGroup section */
		844DB38524D7B5C8002EE0DA /* Main.storyboard */ = {
			isa = PBXVariantGroup;
			children = (
				844DB38624D7B5C8002EE0DA /* Base */,
			);
			name = Main.storyboard;
			sourceTree = "<group>";
		};
		844DB38A24D7B5CB002EE0DA /* LaunchScreen.storyboard */ = {
			isa = PBXVariantGroup;
			children = (
				844DB38B24D7B5CB002EE0DA /* Base */,
			);
			name = LaunchScreen.storyboard;
			sourceTree = "<group>";
		};
/* End PBXVariantGroup section */

/* Begin XCBuildConfiguration section */
		844DB38E24D7B5CB002EE0DA /* Debug */ = {
			isa = XCBuildConfiguration;
			buildSettings = {
				ALWAYS_SEARCH_USER_PATHS = NO;
				CLANG_ANALYZER_NONNULL = YES;
				CLANG_ANALYZER_NUMBER_OBJECT_CONVERSION = YES_AGGRESSIVE;
				CLANG_CXX_LANGUAGE_STANDARD = "gnu++14";
				CLANG_CXX_LIBRARY = "libc++";
				CLANG_ENABLE_MODULES = YES;
				CLANG_ENABLE_OBJC_ARC = YES;
				CLANG_ENABLE_OBJC_WEAK = YES;
				CLANG_WARN_BLOCK_CAPTURE_AUTORELEASING = YES;
				CLANG_WARN_BOOL_CONVERSION = YES;
				CLANG_WARN_COMMA = YES;
				CLANG_WARN_CONSTANT_CONVERSION = YES;
				CLANG_WARN_DEPRECATED_OBJC_IMPLEMENTATIONS = YES;
				CLANG_WARN_DIRECT_OBJC_ISA_USAGE = YES_ERROR;
				CLANG_WARN_DOCUMENTATION_COMMENTS = YES;
				CLANG_WARN_EMPTY_BODY = YES;
				CLANG_WARN_ENUM_CONVERSION = YES;
				CLANG_WARN_INFINITE_RECURSION = YES;
				CLANG_WARN_INT_CONVERSION = YES;
				CLANG_WARN_NON_LITERAL_NULL_CONVERSION = YES;
				CLANG_WARN_OBJC_IMPLICIT_RETAIN_SELF = YES;
				CLANG_WARN_OBJC_LITERAL_CONVERSION = YES;
				CLANG_WARN_OBJC_ROOT_CLASS = YES_ERROR;
				CLANG_WARN_RANGE_LOOP_ANALYSIS = YES;
				CLANG_WARN_STRICT_PROTOTYPES = YES;
				CLANG_WARN_SUSPICIOUS_MOVE = YES;
				CLANG_WARN_UNGUARDED_AVAILABILITY = YES_AGGRESSIVE;
				CLANG_WARN_UNREACHABLE_CODE = YES;
				CLANG_WARN__DUPLICATE_METHOD_MATCH = YES;
				COPY_PHASE_STRIP = NO;
				DEBUG_INFORMATION_FORMAT = dwarf;
				ENABLE_STRICT_OBJC_MSGSEND = YES;
				ENABLE_TESTABILITY = YES;
				GCC_C_LANGUAGE_STANDARD = gnu11;
				GCC_DYNAMIC_NO_PIC = NO;
				GCC_NO_COMMON_BLOCKS = YES;
				GCC_OPTIMIZATION_LEVEL = 0;
				GCC_PREPROCESSOR_DEFINITIONS = (
					"DEBUG=1",
					"$(inherited)",
				);
				GCC_WARN_64_TO_32_BIT_CONVERSION = YES;
				GCC_WARN_ABOUT_RETURN_TYPE = YES_ERROR;
				GCC_WARN_UNDECLARED_SELECTOR = YES;
				GCC_WARN_UNINITIALIZED_AUTOS = YES_AGGRESSIVE;
				GCC_WARN_UNUSED_FUNCTION = YES;
				GCC_WARN_UNUSED_VARIABLE = YES;
				IPHONEOS_DEPLOYMENT_TARGET = 13.6;
				MTL_ENABLE_DEBUG_INFO = INCLUDE_SOURCE;
				MTL_FAST_MATH = YES;
				ONLY_ACTIVE_ARCH = YES;
				SDKROOT = iphoneos;
				SWIFT_ACTIVE_COMPILATION_CONDITIONS = DEBUG;
				SWIFT_OPTIMIZATION_LEVEL = "-Onone";
			};
			name = Debug;
		};
		844DB38F24D7B5CB002EE0DA /* Release */ = {
			isa = XCBuildConfiguration;
			buildSettings = {
				ALWAYS_SEARCH_USER_PATHS = NO;
				CLANG_ANALYZER_NONNULL = YES;
				CLANG_ANALYZER_NUMBER_OBJECT_CONVERSION = YES_AGGRESSIVE;
				CLANG_CXX_LANGUAGE_STANDARD = "gnu++14";
				CLANG_CXX_LIBRARY = "libc++";
				CLANG_ENABLE_MODULES = YES;
				CLANG_ENABLE_OBJC_ARC = YES;
				CLANG_ENABLE_OBJC_WEAK = YES;
				CLANG_WARN_BLOCK_CAPTURE_AUTORELEASING = YES;
				CLANG_WARN_BOOL_CONVERSION = YES;
				CLANG_WARN_COMMA = YES;
				CLANG_WARN_CONSTANT_CONVERSION = YES;
				CLANG_WARN_DEPRECATED_OBJC_IMPLEMENTATIONS = YES;
				CLANG_WARN_DIRECT_OBJC_ISA_USAGE = YES_ERROR;
				CLANG_WARN_DOCUMENTATION_COMMENTS = YES;
				CLANG_WARN_EMPTY_BODY = YES;
				CLANG_WARN_ENUM_CONVERSION = YES;
				CLANG_WARN_INFINITE_RECURSION = YES;
				CLANG_WARN_INT_CONVERSION = YES;
				CLANG_WARN_NON_LITERAL_NULL_CONVERSION = YES;
				CLANG_WARN_OBJC_IMPLICIT_RETAIN_SELF = YES;
				CLANG_WARN_OBJC_LITERAL_CONVERSION = YES;
				CLANG_WARN_OBJC_ROOT_CLASS = YES_ERROR;
				CLANG_WARN_RANGE_LOOP_ANALYSIS = YES;
				CLANG_WARN_STRICT_PROTOTYPES = YES;
				CLANG_WARN_SUSPICIOUS_MOVE = YES;
				CLANG_WARN_UNGUARDED_AVAILABILITY = YES_AGGRESSIVE;
				CLANG_WARN_UNREACHABLE_CODE = YES;
				CLANG_WARN__DUPLICATE_METHOD_MATCH = YES;
				COPY_PHASE_STRIP = NO;
				DEBUG_INFORMATION_FORMAT = "dwarf-with-dsym";
				ENABLE_NS_ASSERTIONS = NO;
				ENABLE_STRICT_OBJC_MSGSEND = YES;
				GCC_C_LANGUAGE_STANDARD = gnu11;
				GCC_NO_COMMON_BLOCKS = YES;
				GCC_WARN_64_TO_32_BIT_CONVERSION = YES;
				GCC_WARN_ABOUT_RETURN_TYPE = YES_ERROR;
				GCC_WARN_UNDECLARED_SELECTOR = YES;
				GCC_WARN_UNINITIALIZED_AUTOS = YES_AGGRESSIVE;
				GCC_WARN_UNUSED_FUNCTION = YES;
				GCC_WARN_UNUSED_VARIABLE = YES;
				IPHONEOS_DEPLOYMENT_TARGET = 13.6;
				MTL_ENABLE_DEBUG_INFO = NO;
				MTL_FAST_MATH = YES;
				SDKROOT = iphoneos;
				SWIFT_COMPILATION_MODE = wholemodule;
				SWIFT_OPTIMIZATION_LEVEL = "-O";
				VALIDATE_PRODUCT = YES;
			};
			name = Release;
		};
		844DB39124D7B5CB002EE0DA /* Debug */ = {
			isa = XCBuildConfiguration;
			buildSettings = {
				ASSETCATALOG_COMPILER_APPICON_NAME = AppIcon;
				CODE_SIGN_STYLE = Automatic;
				DEVELOPMENT_TEAM = DHJS994SDN;
				INFOPLIST_FILE = testProject/Info.plist;
				LD_RUNPATH_SEARCH_PATHS = (
					"$(inherited)",
					"@executable_path/Frameworks",
				);
				PRODUCT_BUNDLE_IDENTIFIER = com.harrison.testProject;
				PRODUCT_NAME = "$(TARGET_NAME)";
				SWIFT_VERSION = 5.0;
				TARGETED_DEVICE_FAMILY = 1;
			};
			name = Debug;
		};
		844DB39224D7B5CB002EE0DA /* Release */ = {
			isa = XCBuildConfiguration;
			buildSettings = {
				ASSETCATALOG_COMPILER_APPICON_NAME = AppIcon;
				CODE_SIGN_STYLE = Automatic;
				DEVELOPMENT_TEAM = DHJS994SDN;
				INFOPLIST_FILE = testProject/Info.plist;
				LD_RUNPATH_SEARCH_PATHS = (
					"$(inherited)",
					"@executable_path/Frameworks",
				);
				PRODUCT_BUNDLE_IDENTIFIER = com.harrison.testProject;
				PRODUCT_NAME = "$(TARGET_NAME)";
				SWIFT_VERSION = 5.0;
				TARGETED_DEVICE_FAMILY = 1;
			};
			name = Release;
		};
/* End XCBuildConfiguration section */

/* Begin XCConfigurationList section */
		844DB37724D7B5C7002EE0DA /* Build configuration list for PBXProject "testProject" */ = {
			isa = XCConfigurationList;
			buildConfigurations = (
				844DB38E24D7B5CB002EE0DA /* Debug */,
				844DB38F24D7B5CB002EE0DA /* Release */,
			);
			defaultConfigurationIsVisible = 0;
			defaultConfigurationName = Release;
		};
		844DB39024D7B5CB002EE0DA /* Build configuration list for PBXNativeTarget "testProject" */ = {
			isa = XCConfigurationList;
			buildConfigurations = (
				844DB39124D7B5CB002EE0DA /* Debug */,
				844DB39224D7B5CB002EE0DA /* Release */,
			);
			defaultConfigurationIsVisible = 0;
			defaultConfigurationName = Release;
		};
/* End XCConfigurationList section */
	};
	rootObject = 844DB37424D7B5C7002EE0DA /* Project object */;
}
